
Microsoft Visual Studio Solution File, Format Version 12.00
# Visual Studio Version 16
VisualStudioVersion = 16.0.29025.244
MinimumVisualStudioVersion = 10.0.40219.1
Project("{9A19103F-16F7-4668-BE54-9A1E7A4F7556}") = "NoteAndTask", "NoteAndTask\NoteAndTask.csproj", "{751978BB-A6F1-4000-82AA-E5D0EE097AA1}"
EndProject
Project("{FAE04EC0-301F-11D3-BF4B-00C04F79EFBC}") = "Repository", "Repository\Repository.csproj", "{9B164F39-2F30-42AA-9550-891C077DF849}"
EndProject
Global
	GlobalSection(SolutionConfigurationPlatforms) = preSolution
		Debug|Any CPU = Debug|Any CPU
		Release|Any CPU = Release|Any CPU
	EndGlobalSection
	GlobalSection(ProjectConfigurationPlatforms) = postSolution
		{751978BB-A6F1-4000-82AA-E5D0EE097AA1}.Debug|Any CPU.ActiveCfg = Debug|Any CPU
		{751978BB-A6F1-4000-82AA-E5D0EE097AA1}.Debug|Any CPU.Build.0 = Debug|Any CPU
		{751978BB-A6F1-4000-82AA-E5D0EE097AA1}.Release|Any CPU.ActiveCfg = Release|Any CPU
		{751978BB-A6F1-4000-82AA-E5D0EE097AA1}.Release|Any CPU.Build.0 = Release|Any CPU
		{9B164F39-2F30-42AA-9550-891C077DF849}.Debug|Any CPU.ActiveCfg = Debug|Any CPU
		{9B164F39-2F30-42AA-9550-891C077DF849}.Debug|Any CPU.Build.0 = Debug|Any CPU
		{9B164F39-2F30-42AA-9550-891C077DF849}.Release|Any CPU.ActiveCfg = Release|Any CPU
		{9B164F39-2F30-42AA-9550-891C077DF849}.Release|Any CPU.Build.0 = Release|Any CPU
	EndGlobalSection
	GlobalSection(SolutionProperties) = preSolution
		HideSolutionNode = FALSE
	EndGlobalSection
	GlobalSection(ExtensibilityGlobals) = postSolution
		SolutionGuid = {5E2B326F-A4B6-4E22-A39C-10E687CB3115}
	EndGlobalSection
EndGlobal
